// !$*UTF8*$!
{
	archiveVersion = 1;
	classes = {
	};
	objectVersion = 50;
	objects = {

/* Begin PBXBuildFile section */
		05AD3D45246606C900A45587 /* AppDelegate.swift in Sources */ = {isa = PBXBuildFile; fileRef = 05AD3D44246606C900A45587 /* AppDelegate.swift */; };
		05AD3D47246606C900A45587 /* SceneDelegate.swift in Sources */ = {isa = PBXBuildFile; fileRef = 05AD3D46246606C900A45587 /* SceneDelegate.swift */; };
		05AD3D49246606C900A45587 /* ViewController.swift in Sources */ = {isa = PBXBuildFile; fileRef = 05AD3D48246606C900A45587 /* ViewController.swift */; };
		05AD3D4C246606C900A45587 /* Main.storyboard in Resources */ = {isa = PBXBuildFile; fileRef = 05AD3D4A246606C900A45587 /* Main.storyboard */; };
		05AD3D4E246606D000A45587 /* Assets.xcassets in Resources */ = {isa = PBXBuildFile; fileRef = 05AD3D4D246606D000A45587 /* Assets.xcassets */; };
		05AD3D51246606D000A45587 /* LaunchScreen.storyboard in Resources */ = {isa = PBXBuildFile; fileRef = 05AD3D4F246606D000A45587 /* LaunchScreen.storyboard */; };
		05AD3D5C246606D000A45587 /* SourceCodeEditorViewTests.swift in Sources */ = {isa = PBXBuildFile; fileRef = 05AD3D5B246606D000A45587 /* SourceCodeEditorViewTests.swift */; };
		05AD3D682466071100A45587 /* TextStorage.swift in Sources */ = {isa = PBXBuildFile; fileRef = 05AD3D672466071100A45587 /* TextStorage.swift */; };
		05AD3D6A2466077500A45587 /* Token.swift in Sources */ = {isa = PBXBuildFile; fileRef = 05AD3D692466077500A45587 /* Token.swift */; };
		05AD3D6C24660C7F00A45587 /* LayoutManager.swift in Sources */ = {isa = PBXBuildFile; fileRef = 05AD3D6B24660C7F00A45587 /* LayoutManager.swift */; };
		05AD3D6E2467541E00A45587 /* SourceCodeView.swift in Sources */ = {isa = PBXBuildFile; fileRef = 05AD3D6D2467541E00A45587 /* SourceCodeView.swift */; };
		05F6E79225A525BE00385AAC /* SourceCodeViewController.swift in Sources */ = {isa = PBXBuildFile; fileRef = 05F6E79125A525BE00385AAC /* SourceCodeViewController.swift */; };
/* End PBXBuildFile section */

/* Begin PBXContainerItemProxy section */
		05AD3D58246606D000A45587 /* PBXContainerItemProxy */ = {
			isa = PBXContainerItemProxy;
			containerPortal = 05AD3D39246606C900A45587 /* Project object */;
			proxyType = 1;
			remoteGlobalIDString = 05AD3D40246606C900A45587;
			remoteInfo = SourceCodeEditorView;
		};
/* End PBXContainerItemProxy section */

/* Begin PBXFileReference section */
		05AD3D41246606C900A45587 /* SourceCodeEditorView.app */ = {isa = PBXFileReference; explicitFileType = wrapper.application; includeInIndex = 0; path = SourceCodeEditorView.app; sourceTree = BUILT_PRODUCTS_DIR; };
		05AD3D44246606C900A45587 /* AppDelegate.swift */ = {isa = PBXFileReference; lastKnownFileType = sourcecode.swift; path = AppDelegate.swift; sourceTree = "<group>"; };
		05AD3D46246606C900A45587 /* SceneDelegate.swift */ = {isa = PBXFileReference; lastKnownFileType = sourcecode.swift; path = SceneDelegate.swift; sourceTree = "<group>"; };
		05AD3D48246606C900A45587 /* ViewController.swift */ = {isa = PBXFileReference; lastKnownFileType = sourcecode.swift; path = ViewController.swift; sourceTree = "<group>"; };
		05AD3D4B246606C900A45587 /* Base */ = {isa = PBXFileReference; lastKnownFileType = file.storyboard; name = Base; path = Base.lproj/Main.storyboard; sourceTree = "<group>"; };
		05AD3D4D246606D000A45587 /* Assets.xcassets */ = {isa = PBXFileReference; lastKnownFileType = folder.assetcatalog; path = Assets.xcassets; sourceTree = "<group>"; };
		05AD3D50246606D000A45587 /* Base */ = {isa = PBXFileReference; lastKnownFileType = file.storyboard; name = Base; path = Base.lproj/LaunchScreen.storyboard; sourceTree = "<group>"; };
		05AD3D52246606D000A45587 /* Info.plist */ = {isa = PBXFileReference; lastKnownFileType = text.plist.xml; path = Info.plist; sourceTree = "<group>"; };
		05AD3D57246606D000A45587 /* SourceCodeEditorViewTests.xctest */ = {isa = PBXFileReference; explicitFileType = wrapper.cfbundle; includeInIndex = 0; path = SourceCodeEditorViewTests.xctest; sourceTree = BUILT_PRODUCTS_DIR; };
		05AD3D5B246606D000A45587 /* SourceCodeEditorViewTests.swift */ = {isa = PBXFileReference; lastKnownFileType = sourcecode.swift; path = SourceCodeEditorViewTests.swift; sourceTree = "<group>"; };
		05AD3D5D246606D000A45587 /* Info.plist */ = {isa = PBXFileReference; lastKnownFileType = text.plist.xml; path = Info.plist; sourceTree = "<group>"; };
		05AD3D672466071100A45587 /* TextStorage.swift */ = {isa = PBXFileReference; lastKnownFileType = sourcecode.swift; path = TextStorage.swift; sourceTree = "<group>"; };
		05AD3D692466077500A45587 /* Token.swift */ = {isa = PBXFileReference; lastKnownFileType = sourcecode.swift; path = Token.swift; sourceTree = "<group>"; };
		05AD3D6B24660C7F00A45587 /* LayoutManager.swift */ = {isa = PBXFileReference; lastKnownFileType = sourcecode.swift; path = LayoutManager.swift; sourceTree = "<group>"; };
		05AD3D6D2467541E00A45587 /* SourceCodeView.swift */ = {isa = PBXFileReference; lastKnownFileType = sourcecode.swift; path = SourceCodeView.swift; sourceTree = "<group>"; };
		05F6E79125A525BE00385AAC /* SourceCodeViewController.swift */ = {isa = PBXFileReference; lastKnownFileType = sourcecode.swift; path = SourceCodeViewController.swift; sourceTree = "<group>"; };
/* End PBXFileReference section */

/* Begin PBXFrameworksBuildPhase section */
		05AD3D3E246606C900A45587 /* Frameworks */ = {
			isa = PBXFrameworksBuildPhase;
			buildActionMask = 2147483647;
			files = (
			);
			runOnlyForDeploymentPostprocessing = 0;
		};
		05AD3D54246606D000A45587 /* Frameworks */ = {
			isa = PBXFrameworksBuildPhase;
			buildActionMask = 2147483647;
			files = (
			);
			runOnlyForDeploymentPostprocessing = 0;
		};
/* End PBXFrameworksBuildPhase section */

/* Begin PBXGroup section */
		05AD3D38246606C900A45587 = {
			isa = PBXGroup;
			children = (
				05AD3D43246606C900A45587 /* SourceCodeEditorView */,
				05AD3D5A246606D000A45587 /* SourceCodeEditorViewTests */,
				05AD3D42246606C900A45587 /* Products */,
			);
			sourceTree = "<group>";
		};
		05AD3D42246606C900A45587 /* Products */ = {
			isa = PBXGroup;
			children = (
				05AD3D41246606C900A45587 /* SourceCodeEditorView.app */,
				05AD3D57246606D000A45587 /* SourceCodeEditorViewTests.xctest */,
			);
			name = Products;
			sourceTree = "<group>";
		};
		05AD3D43246606C900A45587 /* SourceCodeEditorView */ = {
			isa = PBXGroup;
			children = (
				05AD3D66246606DF00A45587 /* SourceCodeEditorView */,
				05AD3D44246606C900A45587 /* AppDelegate.swift */,
				05AD3D46246606C900A45587 /* SceneDelegate.swift */,
				05AD3D48246606C900A45587 /* ViewController.swift */,
				05AD3D4A246606C900A45587 /* Main.storyboard */,
				05AD3D4D246606D000A45587 /* Assets.xcassets */,
				05AD3D4F246606D000A45587 /* LaunchScreen.storyboard */,
				05AD3D52246606D000A45587 /* Info.plist */,
			);
			path = SourceCodeEditorView;
			sourceTree = "<group>";
		};
		05AD3D5A246606D000A45587 /* SourceCodeEditorViewTests */ = {
			isa = PBXGroup;
			children = (
				05AD3D5B246606D000A45587 /* SourceCodeEditorViewTests.swift */,
				05AD3D5D246606D000A45587 /* Info.plist */,
			);
			path = SourceCodeEditorViewTests;
			sourceTree = "<group>";
		};
		05AD3D66246606DF00A45587 /* SourceCodeEditorView */ = {
			isa = PBXGroup;
			children = (
				05AD3D6B24660C7F00A45587 /* LayoutManager.swift */,
				05AD3D6D2467541E00A45587 /* SourceCodeView.swift */,
				05AD3D672466071100A45587 /* TextStorage.swift */,
				05AD3D692466077500A45587 /* Token.swift */,
				05F6E79125A525BE00385AAC /* SourceCodeViewController.swift */,
			);
			path = SourceCodeEditorView;
			sourceTree = "<group>";
		};
/* End PBXGroup section */

/* Begin PBXNativeTarget section */
		05AD3D40246606C900A45587 /* SourceCodeEditorView */ = {
			isa = PBXNativeTarget;
			buildConfigurationList = 05AD3D60246606D000A45587 /* Build configuration list for PBXNativeTarget "SourceCodeEditorView" */;
			buildPhases = (
				05AD3D3D246606C900A45587 /* Sources */,
				05AD3D3E246606C900A45587 /* Frameworks */,
				05AD3D3F246606C900A45587 /* Resources */,
			);
			buildRules = (
			);
			dependencies = (
			);
			name = SourceCodeEditorView;
			productName = SourceCodeEditorView;
			productReference = 05AD3D41246606C900A45587 /* SourceCodeEditorView.app */;
			productType = "com.apple.product-type.application";
		};
		05AD3D56246606D000A45587 /* SourceCodeEditorViewTests */ = {
			isa = PBXNativeTarget;
			buildConfigurationList = 05AD3D63246606D000A45587 /* Build configuration list for PBXNativeTarget "SourceCodeEditorViewTests" */;
			buildPhases = (
				05AD3D53246606D000A45587 /* Sources */,
				05AD3D54246606D000A45587 /* Frameworks */,
				05AD3D55246606D000A45587 /* Resources */,
			);
			buildRules = (
			);
			dependencies = (
				05AD3D59246606D000A45587 /* PBXTargetDependency */,
			);
			name = SourceCodeEditorViewTests;
			productName = SourceCodeEditorViewTests;
			productReference = 05AD3D57246606D000A45587 /* SourceCodeEditorViewTests.xctest */;
			productType = "com.apple.product-type.bundle.unit-test";
		};
/* End PBXNativeTarget section */

/* Begin PBXProject section */
		05AD3D39246606C900A45587 /* Project object */ = {
			isa = PBXProject;
			attributes = {
				LastSwiftUpdateCheck = 1140;
				LastUpgradeCheck = 1140;
				ORGANIZATIONNAME = Shion;
				TargetAttributes = {
					05AD3D40246606C900A45587 = {
						CreatedOnToolsVersion = 11.4.1;
					};
					05AD3D56246606D000A45587 = {
						CreatedOnToolsVersion = 11.4.1;
						TestTargetID = 05AD3D40246606C900A45587;
					};
				};
			};
			buildConfigurationList = 05AD3D3C246606C900A45587 /* Build configuration list for PBXProject "SourceCodeEditorView" */;
			compatibilityVersion = "Xcode 9.3";
			developmentRegion = en;
			hasScannedForEncodings = 0;
			knownRegions = (
				en,
				Base,
			);
			mainGroup = 05AD3D38246606C900A45587;
			productRefGroup = 05AD3D42246606C900A45587 /* Products */;
			projectDirPath = "";
			projectRoot = "";
			targets = (
				05AD3D40246606C900A45587 /* SourceCodeEditorView */,
				05AD3D56246606D000A45587 /* SourceCodeEditorViewTests */,
			);
		};
/* End PBXProject section */

/* Begin PBXResourcesBuildPhase section */
		05AD3D3F246606C900A45587 /* Resources */ = {
			isa = PBXResourcesBuildPhase;
			buildActionMask = 2147483647;
			files = (
				05AD3D51246606D000A45587 /* LaunchScreen.storyboard in Resources */,
				05AD3D4E246606D000A45587 /* Assets.xcassets in Resources */,
				05AD3D4C246606C900A45587 /* Main.storyboard in Resources */,
			);
			runOnlyForDeploymentPostprocessing = 0;
		};
		05AD3D55246606D000A45587 /* Resources */ = {
			isa = PBXResourcesBuildPhase;
			buildActionMask = 2147483647;
			files = (
			);
			runOnlyForDeploymentPostprocessing = 0;
		};
/* End PBXResourcesBuildPhase section */

/* Begin PBXSourcesBuildPhase section */
		05AD3D3D246606C900A45587 /* Sources */ = {
			isa = PBXSourcesBuildPhase;
			buildActionMask = 2147483647;
			files = (
				05AD3D49246606C900A45587 /* ViewController.swift in Sources */,
				05AD3D6A2466077500A45587 /* Token.swift in Sources */,
				05AD3D45246606C900A45587 /* AppDelegate.swift in Sources */,
				05AD3D682466071100A45587 /* TextStorage.swift in Sources */,
				05F6E79225A525BE00385AAC /* SourceCodeViewController.swift in Sources */,
				05AD3D6E2467541E00A45587 /* SourceCodeView.swift in Sources */,
				05AD3D47246606C900A45587 /* SceneDelegate.swift in Sources */,
				05AD3D6C24660C7F00A45587 /* LayoutManager.swift in Sources */,
			);
			runOnlyForDeploymentPostprocessing = 0;
		};
		05AD3D53246606D000A45587 /* Sources */ = {
			isa = PBXSourcesBuildPhase;
			buildActionMask = 2147483647;
			files = (
				05AD3D5C246606D000A45587 /* SourceCodeEditorViewTests.swift in Sources */,
			);
			runOnlyForDeploymentPostprocessing = 0;
		};
/* End PBXSourcesBuildPhase section */

/* Begin PBXTargetDependency section */
		05AD3D59246606D000A45587 /* PBXTargetDependency */ = {
			isa = PBXTargetDependency;
			target = 05AD3D40246606C900A45587 /* SourceCodeEditorView */;
			targetProxy = 05AD3D58246606D000A45587 /* PBXContainerItemProxy */;
		};
/* End PBXTargetDependency section */

/* Begin PBXVariantGroup section */
		05AD3D4A246606C900A45587 /* Main.storyboard */ = {
			isa = PBXVariantGroup;
			children = (
				05AD3D4B246606C900A45587 /* Base */,
			);
			name = Main.storyboard;
			sourceTree = "<group>";
		};
		05AD3D4F246606D000A45587 /* LaunchScreen.storyboard */ = {
			isa = PBXVariantGroup;
			children = (
				05AD3D50246606D000A45587 /* Base */,
			);
			name = LaunchScreen.storyboard;
			sourceTree = "<group>";
		};
/* End PBXVariantGroup section */

/* Begin XCBuildConfiguration section */
		05AD3D5E246606D000A45587 /* Debug */ = {
			isa = XCBuildConfiguration;
			buildSettings = {
				ALWAYS_SEARCH_USER_PATHS = NO;
				CLANG_ANALYZER_NONNULL = YES;
				CLANG_ANALYZER_NUMBER_OBJECT_CONVERSION = YES_AGGRESSIVE;
				CLANG_CXX_LANGUAGE_STANDARD = "gnu++14";
				CLANG_CXX_LIBRARY = "libc++";
				CLANG_ENABLE_MODULES = YES;
				CLANG_ENABLE_OBJC_ARC = YES;
				CLANG_ENABLE_OBJC_WEAK = YES;
				CLANG_WARN_BLOCK_CAPTURE_AUTORELEASING = YES;
				CLANG_WARN_BOOL_CONVERSION = YES;
				CLANG_WARN_COMMA = YES;
				CLANG_WARN_CONSTANT_CONVERSION = YES;
				CLANG_WARN_DEPRECATED_OBJC_IMPLEMENTATIONS = YES;
				CLANG_WARN_DIRECT_OBJC_ISA_USAGE = YES_ERROR;
				CLANG_WARN_DOCUMENTATION_COMMENTS = YES;
				CLANG_WARN_EMPTY_BODY = YES;
				CLANG_WARN_ENUM_CONVERSION = YES;
				CLANG_WARN_INFINITE_RECURSION = YES;
				CLANG_WARN_INT_CONVERSION = YES;
				CLANG_WARN_NON_LITERAL_NULL_CONVERSION = YES;
				CLANG_WARN_OBJC_IMPLICIT_RETAIN_SELF = YES;
				CLANG_WARN_OBJC_LITERAL_CONVERSION = YES;
				CLANG_WARN_OBJC_ROOT_CLASS = YES_ERROR;
				CLANG_WARN_RANGE_LOOP_ANALYSIS = YES;
				CLANG_WARN_STRICT_PROTOTYPES = YES;
				CLANG_WARN_SUSPICIOUS_MOVE = YES;
				CLANG_WARN_UNGUARDED_AVAILABILITY = YES_AGGRESSIVE;
				CLANG_WARN_UNREACHABLE_CODE = YES;
				CLANG_WARN__DUPLICATE_METHOD_MATCH = YES;
				COPY_PHASE_STRIP = NO;
				DEBUG_INFORMATION_FORMAT = dwarf;
				ENABLE_STRICT_OBJC_MSGSEND = YES;
				ENABLE_TESTABILITY = YES;
				GCC_C_LANGUAGE_STANDARD = gnu11;
				GCC_DYNAMIC_NO_PIC = NO;
				GCC_NO_COMMON_BLOCKS = YES;
				GCC_OPTIMIZATION_LEVEL = 0;
				GCC_PREPROCESSOR_DEFINITIONS = (
					"DEBUG=1",
					"$(inherited)",
				);
				GCC_WARN_64_TO_32_BIT_CONVERSION = YES;
				GCC_WARN_ABOUT_RETURN_TYPE = YES_ERROR;
				GCC_WARN_UNDECLARED_SELECTOR = YES;
				GCC_WARN_UNINITIALIZED_AUTOS = YES_AGGRESSIVE;
				GCC_WARN_UNUSED_FUNCTION = YES;
				GCC_WARN_UNUSED_VARIABLE = YES;
				IPHONEOS_DEPLOYMENT_TARGET = 13.4;
				MTL_ENABLE_DEBUG_INFO = INCLUDE_SOURCE;
				MTL_FAST_MATH = YES;
				ONLY_ACTIVE_ARCH = YES;
				SDKROOT = iphoneos;
				SWIFT_ACTIVE_COMPILATION_CONDITIONS = DEBUG;
				SWIFT_OPTIMIZATION_LEVEL = "-Onone";
			};
			name = Debug;
		};
		05AD3D5F246606D000A45587 /* Release */ = {
			isa = XCBuildConfiguration;
			buildSettings = {
				ALWAYS_SEARCH_USER_PATHS = NO;
				CLANG_ANALYZER_NONNULL = YES;
				CLANG_ANALYZER_NUMBER_OBJECT_CONVERSION = YES_AGGRESSIVE;
				CLANG_CXX_LANGUAGE_STANDARD = "gnu++14";
				CLANG_CXX_LIBRARY = "libc++";
				CLANG_ENABLE_MODULES = YES;
				CLANG_ENABLE_OBJC_ARC = YES;
				CLANG_ENABLE_OBJC_WEAK = YES;
				CLANG_WARN_BLOCK_CAPTURE_AUTORELEASING = YES;
				CLANG_WARN_BOOL_CONVERSION = YES;
				CLANG_WARN_COMMA = YES;
				CLANG_WARN_CONSTANT_CONVERSION = YES;
				CLANG_WARN_DEPRECATED_OBJC_IMPLEMENTATIONS = YES;
				CLANG_WARN_DIRECT_OBJC_ISA_USAGE = YES_ERROR;
				CLANG_WARN_DOCUMENTATION_COMMENTS = YES;
				CLANG_WARN_EMPTY_BODY = YES;
				CLANG_WARN_ENUM_CONVERSION = YES;
				CLANG_WARN_INFINITE_RECURSION = YES;
				CLANG_WARN_INT_CONVERSION = YES;
				CLANG_WARN_NON_LITERAL_NULL_CONVERSION = YES;
				CLANG_WARN_OBJC_IMPLICIT_RETAIN_SELF = YES;
				CLANG_WARN_OBJC_LITERAL_CONVERSION = YES;
				CLANG_WARN_OBJC_ROOT_CLASS = YES_ERROR;
				CLANG_WARN_RANGE_LOOP_ANALYSIS = YES;
				CLANG_WARN_STRICT_PROTOTYPES = YES;
				CLANG_WARN_SUSPICIOUS_MOVE = YES;
				CLANG_WARN_UNGUARDED_AVAILABILITY = YES_AGGRESSIVE;
				CLANG_WARN_UNREACHABLE_CODE = YES;
				CLANG_WARN__DUPLICATE_METHOD_MATCH = YES;
				COPY_PHASE_STRIP = NO;
				DEBUG_INFORMATION_FORMAT = "dwarf-with-dsym";
				ENABLE_NS_ASSERTIONS = NO;
				ENABLE_STRICT_OBJC_MSGSEND = YES;
				GCC_C_LANGUAGE_STANDARD = gnu11;
				GCC_NO_COMMON_BLOCKS = YES;
				GCC_WARN_64_TO_32_BIT_CONVERSION = YES;
				GCC_WARN_ABOUT_RETURN_TYPE = YES_ERROR;
				GCC_WARN_UNDECLARED_SELECTOR = YES;
				GCC_WARN_UNINITIALIZED_AUTOS = YES_AGGRESSIVE;
				GCC_WARN_UNUSED_FUNCTION = YES;
				GCC_WARN_UNUSED_VARIABLE = YES;
				IPHONEOS_DEPLOYMENT_TARGET = 13.4;
				MTL_ENABLE_DEBUG_INFO = NO;
				MTL_FAST_MATH = YES;
				SDKROOT = iphoneos;
				SWIFT_COMPILATION_MODE = wholemodule;
				SWIFT_OPTIMIZATION_LEVEL = "-O";
				VALIDATE_PRODUCT = YES;
			};
			name = Release;
		};
		05AD3D61246606D000A45587 /* Debug */ = {
			isa = XCBuildConfiguration;
			buildSettings = {
				ASSETCATALOG_COMPILER_APPICON_NAME = AppIcon;
				CODE_SIGN_STYLE = Automatic;
				DEVELOPMENT_TEAM = 3469K9L7XC;
				INFOPLIST_FILE = SourceCodeEditorView/Info.plist;
				LD_RUNPATH_SEARCH_PATHS = (
					"$(inherited)",
					"@executable_path/Frameworks",
				);
				PRODUCT_BUNDLE_IDENTIFIER = com.skgw.SourceCodeEditorView;
				PRODUCT_NAME = "$(TARGET_NAME)";
				SWIFT_VERSION = 5.0;
				TARGETED_DEVICE_FAMILY = "1,2";
			};
			name = Debug;
		};
		05AD3D62246606D000A45587 /* Release */ = {
			isa = XCBuildConfiguration;
			buildSettings = {
				ASSETCATALOG_COMPILER_APPICON_NAME = AppIcon;
				CODE_SIGN_STYLE = Automatic;
				DEVELOPMENT_TEAM = 3469K9L7XC;
				INFOPLIST_FILE = SourceCodeEditorView/Info.plist;
				LD_RUNPATH_SEARCH_PATHS = (
					"$(inherited)",
					"@executable_path/Frameworks",
				);
				PRODUCT_BUNDLE_IDENTIFIER = com.skgw.SourceCodeEditorView;
				PRODUCT_NAME = "$(TARGET_NAME)";
				SWIFT_VERSION = 5.0;
				TARGETED_DEVICE_FAMILY = "1,2";
			};
			name = Release;
		};
		05AD3D64246606D000A45587 /* Debug */ = {
			isa = XCBuildConfiguration;
			buildSettings = {
				ALWAYS_EMBED_SWIFT_STANDARD_LIBRARIES = YES;
				BUNDLE_LOADER = "$(TEST_HOST)";
				CODE_SIGN_STYLE = Automatic;
				DEVELOPMENT_TEAM = 3469K9L7XC;
				INFOPLIST_FILE = SourceCodeEditorViewTests/Info.plist;
				IPHONEOS_DEPLOYMENT_TARGET = 13.4;
				LD_RUNPATH_SEARCH_PATHS = (
					"$(inherited)",
					"@executable_path/Frameworks",
					"@loader_path/Frameworks",
				);
				PRODUCT_BUNDLE_IDENTIFIER = com.skgw.SourceCodeEditorViewTests;
				PRODUCT_NAME = "$(TARGET_NAME)";
				SWIFT_VERSION = 5.0;
				TARGETED_DEVICE_FAMILY = "1,2";
				TEST_HOST = "$(BUILT_PRODUCTS_DIR)/SourceCodeEditorView.app/SourceCodeEditorView";
			};
			name = Debug;
		};
		05AD3D65246606D000A45587 /* Release */ = {
			isa = XCBuildConfiguration;
			buildSettings = {
				ALWAYS_EMBED_SWIFT_STANDARD_LIBRARIES = YES;
				BUNDLE_LOADER = "$(TEST_HOST)";
				CODE_SIGN_STYLE = Automatic;
				DEVELOPMENT_TEAM = 3469K9L7XC;
				INFOPLIST_FILE = SourceCodeEditorViewTests/Info.plist;
				IPHONEOS_DEPLOYMENT_TARGET = 13.4;
				LD_RUNPATH_SEARCH_PATHS = (
					"$(inherited)",
					"@executable_path/Frameworks",
					"@loader_path/Frameworks",
				);
				PRODUCT_BUNDLE_IDENTIFIER = com.skgw.SourceCodeEditorViewTests;
				PRODUCT_NAME = "$(TARGET_NAME)";
				SWIFT_VERSION = 5.0;
				TARGETED_DEVICE_FAMILY = "1,2";
				TEST_HOST = "$(BUILT_PRODUCTS_DIR)/SourceCodeEditorView.app/SourceCodeEditorView";
			};
			name = Release;
		};
/* End XCBuildConfiguration section */

/* Begin XCConfigurationList section */
		05AD3D3C246606C900A45587 /* Build configuration list for PBXProject "SourceCodeEditorView" */ = {
			isa = XCConfigurationList;
			buildConfigurations = (
				05AD3D5E246606D000A45587 /* Debug */,
				05AD3D5F246606D000A45587 /* Release */,
			);
			defaultConfigurationIsVisible = 0;
			defaultConfigurationName = Release;
		};
		05AD3D60246606D000A45587 /* Build configuration list for PBXNativeTarget "SourceCodeEditorView" */ = {
			isa = XCConfigurationList;
			buildConfigurations = (
				05AD3D61246606D000A45587 /* Debug */,
				05AD3D62246606D000A45587 /* Release */,
			);
			defaultConfigurationIsVisible = 0;
			defaultConfigurationName = Release;
		};
		05AD3D63246606D000A45587 /* Build configuration list for PBXNativeTarget "SourceCodeEditorViewTests" */ = {
			isa = XCConfigurationList;
			buildConfigurations = (
				05AD3D64246606D000A45587 /* Debug */,
				05AD3D65246606D000A45587 /* Release */,
			);
			defaultConfigurationIsVisible = 0;
			defaultConfigurationName = Release;
		};
/* End XCConfigurationList section */
	};
	rootObject = 05AD3D39246606C900A45587 /* Project object */;
}
